
Microsoft Visual Studio Solution File, Format Version 12.00
# Visual Studio Version 17
VisualStudioVersion = 17.11.35222.181
MinimumVisualStudioVersion = 10.0.40219.1
Project("{9A19103F-16F7-4668-BE54-9A1E7A4F7556}") = "Basics1", "Basics1\Basics1.csproj", "{4B68C89C-44F9-477B-A710-77CF5C64BAD7}"
EndProject
Project("{9A19103F-16F7-4668-BE54-9A1E7A4F7556}") = "Datentypen", "Datentypen\Datentypen.csproj", "{40E6DBF2-DC6F-4AC5-B02F-6BD229E86646}"
EndProject
Project("{9A19103F-16F7-4668-BE54-9A1E7A4F7556}") = "Operatoren", "Operatoren\Operatoren.csproj", "{0D029245-A59E-425D-89C5-F6BCC9AE1F5E}"
EndProject
Project("{9A19103F-16F7-4668-BE54-9A1E7A4F7556}") = "Dreiecksberechnung", "Dreiecksberechnung\Dreiecksberechnung.csproj", "{4D305B4E-7A13-407E-94C5-4464664278D4}"
EndProject
Project("{FAE04EC0-301F-11D3-BF4B-00C04F79EFBC}") = "Taschenrechner", "Taschenrechner\Taschenrechner.csproj", "{92A1F660-393B-40B3-A315-5126C26A9A11}"
EndProject
Project("{FAE04EC0-301F-11D3-BF4B-00C04F79EFBC}") = "Abzweigungen", "Abzweigungen\Abzweigungen.csproj", "{8B7BA425-F672-4B45-BBBD-FB298FAC5DA9}"
EndProject
Project("{FAE04EC0-301F-11D3-BF4B-00C04F79EFBC}") = "Textetventure1", "Textetventure1\Textetventure1.csproj", "{CB057BCA-385E-4FDB-BB7A-83CC1F7508C6}"
EndProject
Project("{FAE04EC0-301F-11D3-BF4B-00C04F79EFBC}") = "ConsoleRPG", "ConsoleRPG\ConsoleRPG.csproj", "{55FD9CFD-359E-4293-95B1-90EA6D63F1A7}"
EndProject
Global
	GlobalSection(SolutionConfigurationPlatforms) = preSolution
		Debug|Any CPU = Debug|Any CPU
		Release|Any CPU = Release|Any CPU
	EndGlobalSection
	GlobalSection(ProjectConfigurationPlatforms) = postSolution
		{4B68C89C-44F9-477B-A710-77CF5C64BAD7}.Debug|Any CPU.ActiveCfg = Debug|Any CPU
		{4B68C89C-44F9-477B-A710-77CF5C64BAD7}.Debug|Any CPU.Build.0 = Debug|Any CPU
		{4B68C89C-44F9-477B-A710-77CF5C64BAD7}.Release|Any CPU.ActiveCfg = Release|Any CPU
		{4B68C89C-44F9-477B-A710-77CF5C64BAD7}.Release|Any CPU.Build.0 = Release|Any CPU
		{40E6DBF2-DC6F-4AC5-B02F-6BD229E86646}.Debug|Any CPU.ActiveCfg = Debug|Any CPU
		{40E6DBF2-DC6F-4AC5-B02F-6BD229E86646}.Debug|Any CPU.Build.0 = Debug|Any CPU
		{40E6DBF2-DC6F-4AC5-B02F-6BD229E86646}.Release|Any CPU.ActiveCfg = Release|Any CPU
		{40E6DBF2-DC6F-4AC5-B02F-6BD229E86646}.Release|Any CPU.Build.0 = Release|Any CPU
		{0D029245-A59E-425D-89C5-F6BCC9AE1F5E}.Debug|Any CPU.ActiveCfg = Debug|Any CPU
		{0D029245-A59E-425D-89C5-F6BCC9AE1F5E}.Debug|Any CPU.Build.0 = Debug|Any CPU
		{0D029245-A59E-425D-89C5-F6BCC9AE1F5E}.Release|Any CPU.ActiveCfg = Release|Any CPU
		{0D029245-A59E-425D-89C5-F6BCC9AE1F5E}.Release|Any CPU.Build.0 = Release|Any CPU
		{4D305B4E-7A13-407E-94C5-4464664278D4}.Debug|Any CPU.ActiveCfg = Debug|Any CPU
		{4D305B4E-7A13-407E-94C5-4464664278D4}.Debug|Any CPU.Build.0 = Debug|Any CPU
		{4D305B4E-7A13-407E-94C5-4464664278D4}.Release|Any CPU.ActiveCfg = Release|Any CPU
		{4D305B4E-7A13-407E-94C5-4464664278D4}.Release|Any CPU.Build.0 = Release|Any CPU
		{92A1F660-393B-40B3-A315-5126C26A9A11}.Debug|Any CPU.ActiveCfg = Debug|Any CPU
		{92A1F660-393B-40B3-A315-5126C26A9A11}.Debug|Any CPU.Build.0 = Debug|Any CPU
		{92A1F660-393B-40B3-A315-5126C26A9A11}.Release|Any CPU.ActiveCfg = Release|Any CPU
		{92A1F660-393B-40B3-A315-5126C26A9A11}.Release|Any CPU.Build.0 = Release|Any CPU
		{8B7BA425-F672-4B45-BBBD-FB298FAC5DA9}.Debug|Any CPU.ActiveCfg = Debug|Any CPU
		{8B7BA425-F672-4B45-BBBD-FB298FAC5DA9}.Debug|Any CPU.Build.0 = Debug|Any CPU
		{8B7BA425-F672-4B45-BBBD-FB298FAC5DA9}.Release|Any CPU.ActiveCfg = Release|Any CPU
		{8B7BA425-F672-4B45-BBBD-FB298FAC5DA9}.Release|Any CPU.Build.0 = Release|Any CPU
		{CB057BCA-385E-4FDB-BB7A-83CC1F7508C6}.Debug|Any CPU.ActiveCfg = Debug|Any CPU
		{CB057BCA-385E-4FDB-BB7A-83CC1F7508C6}.Debug|Any CPU.Build.0 = Debug|Any CPU
		{CB057BCA-385E-4FDB-BB7A-83CC1F7508C6}.Release|Any CPU.ActiveCfg = Release|Any CPU
		{CB057BCA-385E-4FDB-BB7A-83CC1F7508C6}.Release|Any CPU.Build.0 = Release|Any CPU
		{55FD9CFD-359E-4293-95B1-90EA6D63F1A7}.Debug|Any CPU.ActiveCfg = Debug|Any CPU
		{55FD9CFD-359E-4293-95B1-90EA6D63F1A7}.Debug|Any CPU.Build.0 = Debug|Any CPU
		{55FD9CFD-359E-4293-95B1-90EA6D63F1A7}.Release|Any CPU.ActiveCfg = Release|Any CPU
		{55FD9CFD-359E-4293-95B1-90EA6D63F1A7}.Release|Any CPU.Build.0 = Release|Any CPU
	EndGlobalSection
	GlobalSection(SolutionProperties) = preSolution
		HideSolutionNode = FALSE
	EndGlobalSection
	GlobalSection(ExtensibilityGlobals) = postSolution
		SolutionGuid = {4415BBB2-38F1-4306-BBAD-4F3EE792BF32}
	EndGlobalSection
EndGlobal
